
Microsoft Visual Studio Solution File, Format Version 12.00
# Visual Studio Version 17
VisualStudioVersion = 17.5.33414.496
MinimumVisualStudioVersion = 10.0.40219.1
Project("{FAE04EC0-301F-11D3-BF4B-00C04F79EFBC}") = "ProjMongoDB20230424", "ProjMongoDB20230424\ProjMongoDB20230424.csproj", "{3DF54B1D-7E6C-43D4-83C4-935381D57F54}"
EndProject
Global
	GlobalSection(SolutionConfigurationPlatforms) = preSolution
		Debug|Any CPU = Debug|Any CPU
		Release|Any CPU = Release|Any CPU
	EndGlobalSection
	GlobalSection(ProjectConfigurationPlatforms) = postSolution
		{3DF54B1D-7E6C-43D4-83C4-935381D57F54}.Debug|Any CPU.ActiveCfg = Debug|Any CPU
		{3DF54B1D-7E6C-43D4-83C4-935381D57F54}.Debug|Any CPU.Build.0 = Debug|Any CPU
		{3DF54B1D-7E6C-43D4-83C4-935381D57F54}.Release|Any CPU.ActiveCfg = Release|Any CPU
		{3DF54B1D-7E6C-43D4-83C4-935381D57F54}.Release|Any CPU.Build.0 = Release|Any CPU
	EndGlobalSection
	GlobalSection(SolutionProperties) = preSolution
		HideSolutionNode = FALSE
	EndGlobalSection
	GlobalSection(ExtensibilityGlobals) = postSolution
		SolutionGuid = {867B602D-8E98-417C-8557-95DFF0C708A4}
	EndGlobalSection
EndGlobal
